{
  "name": "glsl-smaa",
  "version": "2.0.0",
  "lockfileVersion": 2,
  "requires": true,
  "packages": {
    "": {
      "version": "1.0.0",
      "funding": [
        {
          "type": "individual",
          "url": "https://paypal.me/dmnsgn"
        },
        {
          "type": "individual",
          "url": "https://commerce.coinbase.com/checkout/56cbdf28-e323-48d8-9c98-7019e72c97f3"
        }
      ],
      "license": "MIT",
      "devDependencies": {
        "async-preloader": "^5.0.2",
        "bunny": "^1.0.1",
        "cameras": "^3.0.1",
        "core-js": "^3.9.1",
        "dat.gui": "^0.7.7",
        "es-module-shims": "^0.10.3",
        "geom-normals": "^1.0.1",
        "gl-matrix": "^3.3.0",
        "parse-hdr": "^1.0.0",
        "primitive-geometry": "^1.2.1",
        "regl": "^2.1.0"
      },
      "engines": {
        "node": ">=15.0.0",
        "npm": ">=7.0.0"
      }
    },
    "node_modules/async-preloader": {
      "version": "5.0.2",
      "resolved": "https://registry.npmjs.org/async-preloader/-/async-preloader-5.0.2.tgz",
      "integrity": "sha512-QeXZcrweGBU5S/+lRYsZJ3kw6U1Qhpc3X9B/VujZmCi7lK2OIWSN/XHjMdUmKf9FWJ5S8iGlaNWI2CHMQcfn7A==",
      "dev": true,
      "funding": [
        {
          "type": "individual",
          "url": "https://paypal.me/dmnsgn"
        },
        {
          "type": "individual",
          "url": "https://commerce.coinbase.com/checkout/56cbdf28-e323-48d8-9c98-7019e72c97f3"
        }
      ],
      "dependencies": {
        "fontfaceobserver-es": "^3.3.3",
        "tslib": "^2.1.0"
      },
      "engines": {
        "node": ">=15.0.0",
        "npm": ">=7.0.0"
      }
    },
    "node_modules/bunny": {
      "version": "1.0.1",
      "resolved": "https://registry.npmjs.org/bunny/-/bunny-1.0.1.tgz",
      "integrity": "sha1-hjg9pFq3qZVxpaVyt74ONWSBX54=",
      "dev": true
    },
    "node_modules/cameras": {
      "version": "3.0.1",
      "resolved": "https://registry.npmjs.org/cameras/-/cameras-3.0.1.tgz",
      "integrity": "sha512-NqTi3+fa0q5kgMpP5x0j9GkPbKmaeHHPbyVwSUfMouN6EXbcUrvDiqz8bvDRGIWUgRG/HiEhWWs8P7YcR+pJcQ==",
      "dev": true,
      "funding": [
        {
          "type": "individual",
          "url": "https://paypal.me/dmnsgn"
        },
        {
          "type": "individual",
          "url": "https://commerce.coinbase.com/checkout/56cbdf28-e323-48d8-9c98-7019e72c97f3"
        }
      ],
      "dependencies": {
        "clamp": "^1.0.1",
        "gl-matrix": "^3.3.0",
        "normalize-wheel": "^1.0.1"
      },
      "engines": {
        "node": ">=15.0.0",
        "npm": ">=7.0.0"
      }
    },
    "node_modules/clamp": {
      "version": "1.0.1",
      "resolved": "https://registry.npmjs.org/clamp/-/clamp-1.0.1.tgz",
      "integrity": "sha1-ZqDmQBGBbjcZaCj9yMjBRzEshjQ=",
      "dev": true
    },
    "node_modules/core-js": {
      "version": "3.9.1",
      "resolved": "https://registry.npmjs.org/core-js/-/core-js-3.9.1.tgz",
      "integrity": "sha512-gSjRvzkxQc1zjM/5paAmL4idJBFzuJoo+jDjF1tStYFMV2ERfD02HhahhCGXUyHxQRG4yFKVSdO6g62eoRMcDg==",
      "dev": true,
      "hasInstallScript": true,
      "funding": {
        "type": "opencollective",
        "url": "https://opencollective.com/core-js"
      }
    },
    "node_modules/dat.gui": {
      "version": "0.7.7",
      "resolved": "https://registry.npmjs.org/dat.gui/-/dat.gui-0.7.7.tgz",
      "integrity": "sha512-sRl/28gF/XRC5ywC9I4zriATTsQcpSsRG7seXCPnTkK8/EQMIbCu5NPMpICLGxX9ZEUvcXR3ArLYCtgreFoMDw==",
      "dev": true
    },
    "node_modules/defined": {
      "version": "1.0.0",
      "resolved": "https://registry.npmjs.org/defined/-/defined-1.0.0.tgz",
      "integrity": "sha1-yY2bzvdWdBiOEQlpFRGZ45sfppM=",
      "dev": true
    },
    "node_modules/es-module-shims": {
      "version": "0.10.3",
      "resolved": "https://registry.npmjs.org/es-module-shims/-/es-module-shims-0.10.3.tgz",
      "integrity": "sha512-pJ5xMeVtyujSqvjQ9sJw4dIG3eRsWxTcdALk42Xe9V54PFT4tP+cCVLzzWF6jo5BcyMxGc1FKHfosmoaP/PXxQ==",
      "dev": true
    },
    "node_modules/fontfaceobserver-es": {
      "version": "3.3.3",
      "resolved": "https://registry.npmjs.org/fontfaceobserver-es/-/fontfaceobserver-es-3.3.3.tgz",
      "integrity": "sha512-1EyweL1ryy0koZWk80Kr0UgWq9KhbOl2cD6x1O8BtFu0gNqCWIXK1lVFSUb37DI5FMn1m86I6X7N1JRBy8wVfw==",
      "dev": true
    },
    "node_modules/geom-normals": {
      "version": "1.0.1",
      "resolved": "https://registry.npmjs.org/geom-normals/-/geom-normals-1.0.1.tgz",
      "integrity": "sha512-pwJreNg4LQzIt4Z2KmWJyNc3ZvHL6QrTojMLZhDfgVVKym+GLO2gAdajNjqWO5IaYzhYpMgS9ZYQeNEGlRMwZQ==",
      "dev": true,
      "dependencies": {
        "pex-math": "^3.0.0-0"
      }
    },
    "node_modules/gl-mat4": {
      "version": "1.2.0",
      "resolved": "https://registry.npmjs.org/gl-mat4/-/gl-mat4-1.2.0.tgz",
      "integrity": "sha512-sT5C0pwB1/e9G9AvAoLsoaJtbMGjfd/jfxo8jMCKqYYEnjZuFvqV5rehqar0538EmssjdDeiEWnKyBSTw7quoA==",
      "dev": true
    },
    "node_modules/gl-matrix": {
      "version": "3.3.0",
      "resolved": "https://registry.npmjs.org/gl-matrix/-/gl-matrix-3.3.0.tgz",
      "integrity": "sha512-COb7LDz+SXaHtl/h4LeaFcNdJdAQSDeVqjiIihSXNrkWObZLhDI4hIkZC11Aeqp7bcE72clzB0BnDXr2SmslRA==",
      "dev": true
    },
    "node_modules/gl-vec2": {
      "version": "1.3.0",
      "resolved": "https://registry.npmjs.org/gl-vec2/-/gl-vec2-1.3.0.tgz",
      "integrity": "sha512-YiqaAuNsheWmUV0Sa8k94kBB0D6RWjwZztyO+trEYS8KzJ6OQB/4686gdrf59wld4hHFIvaxynO3nRxpk1Ij/A==",
      "dev": true
    },
    "node_modules/gl-vec3": {
      "version": "1.1.3",
      "resolved": "https://registry.npmjs.org/gl-vec3/-/gl-vec3-1.1.3.tgz",
      "integrity": "sha512-jduKUqT0SGH02l8Yl+mV1yVsDfYgQAJyXGxkJQGyxPLHRiW25DwVIRPt6uvhrEMHftJfqhqKthRcyZqNEl9Xdw==",
      "dev": true
    },
    "node_modules/icosphere": {
      "version": "1.0.0",
      "resolved": "https://registry.npmjs.org/icosphere/-/icosphere-1.0.0.tgz",
      "integrity": "sha1-glFVXUN9ueq8aI+IEktoow+oRxA=",
      "dev": true,
      "dependencies": {
        "vectors": "^0.1.0"
      }
    },
    "node_modules/normalize-wheel": {
      "version": "1.0.1",
      "resolved": "https://registry.npmjs.org/normalize-wheel/-/normalize-wheel-1.0.1.tgz",
      "integrity": "sha1-rsiGr/2wRQcNhWRH32Ls+GFG7EU=",
      "dev": true
    },
    "node_modules/parse-hdr": {
      "version": "1.0.0",
      "resolved": "https://registry.npmjs.org/parse-hdr/-/parse-hdr-1.0.0.tgz",
      "integrity": "sha1-n5C0SC7rWmbzIKUUVvHOrFGhaVM=",
      "dev": true
    },
    "node_modules/pex-math": {
      "version": "3.0.0-0",
      "resolved": "https://registry.npmjs.org/pex-math/-/pex-math-3.0.0-0.tgz",
      "integrity": "sha512-lZOQ8FbhIId5bC6sjYTmsmEMSbEJXv1C4+DArhwm3qP8V21KTy49F+DzvFfGWi+ZY+CWmW1I0SzkMcHNi4Vj4g==",
      "dev": true
    },
    "node_modules/primitive-box": {
      "version": "1.0.0",
      "resolved": "https://registry.npmjs.org/primitive-box/-/primitive-box-1.0.0.tgz",
      "integrity": "sha1-rDA/l0RN5AOHffPeYVVgeGWqKHk=",
      "dev": true
    },
    "node_modules/primitive-capsule": {
      "version": "3.0.1",
      "resolved": "https://registry.npmjs.org/primitive-capsule/-/primitive-capsule-3.0.1.tgz",
      "integrity": "sha1-wFAmEN2QJZ23AX+ejvQulkeZziE=",
      "dev": true
    },
    "node_modules/primitive-circle": {
      "version": "1.0.2",
      "resolved": "https://registry.npmjs.org/primitive-circle/-/primitive-circle-1.0.2.tgz",
      "integrity": "sha512-tOvSdHlhrlm1eQ/PFSiQyv9skCazVaUObvunneOLqiCmlPmfMe2MN45iUlAofCI26yFabksMsoWrWa9geS+MMw==",
      "dev": true
    },
    "node_modules/primitive-cube": {
      "version": "2.0.1",
      "resolved": "https://registry.npmjs.org/primitive-cube/-/primitive-cube-2.0.1.tgz",
      "integrity": "sha1-iqW8PL/y7+6DzOdM/KuKybW0awY=",
      "dev": true
    },
    "node_modules/primitive-cylinder": {
      "version": "1.0.3",
      "resolved": "https://registry.npmjs.org/primitive-cylinder/-/primitive-cylinder-1.0.3.tgz",
      "integrity": "sha512-RGLQaDWM2lpBF0b3yknJ2syVCp8vMypM7RBsMECircKuQFqXAGyNf/u8f3eAQ7HVzvQSTFGaDghf5eRu0UKbpw==",
      "dev": true
    },
    "node_modules/primitive-ellipsoid": {
      "version": "1.1.0",
      "resolved": "https://registry.npmjs.org/primitive-ellipsoid/-/primitive-ellipsoid-1.1.0.tgz",
      "integrity": "sha512-RsbCKXBtQ8JlhKRkOvJJ1tC0ODqm01DMe4R3UCbHLnYrjyM3QCMRJEDaEOZ+WGPo88dD+Nrp7qfCtn+4JO9f4Q==",
      "dev": true,
      "dependencies": {
        "gl-matrix": "^2.8.1"
      }
    },
    "node_modules/primitive-ellipsoid/node_modules/gl-matrix": {
      "version": "2.8.1",
      "resolved": "https://registry.npmjs.org/gl-matrix/-/gl-matrix-2.8.1.tgz",
      "integrity": "sha512-0YCjVpE3pS5XWlN3J4X7AiAx65+nqAI54LndtVFnQZB6G/FVLkZH8y8V6R3cIoOQR4pUdfwQGd1iwyoXHJ4Qfw==",
      "dev": true
    },
    "node_modules/primitive-geometry": {
      "version": "1.2.1",
      "resolved": "https://registry.npmjs.org/primitive-geometry/-/primitive-geometry-1.2.1.tgz",
      "integrity": "sha512-7tdbNSd0NWWruGc8yEhznwkWeQIjK+hV0kNb/vEIG70svBhSa74OPAghD/PV9jvP4w7Pqkpfgc6AJO7DXpfevw==",
      "dev": true,
      "dependencies": {
        "primitive-box": "^1.0.0",
        "primitive-capsule": "^3.0.1",
        "primitive-circle": "^1.0.2",
        "primitive-cube": "^2.0.1",
        "primitive-cylinder": "^1.0.3",
        "primitive-ellipsoid": "^1.1.0",
        "primitive-icosphere": "^1.0.2",
        "primitive-plane": "^2.0.1",
        "primitive-quad": "^2.0.0",
        "primitive-rounded-cube": "^1.0.2",
        "primitive-sphere": "^3.0.0",
        "primitive-torus": "^1.0.4"
      }
    },
    "node_modules/primitive-icosphere": {
      "version": "1.0.2",
      "resolved": "https://registry.npmjs.org/primitive-icosphere/-/primitive-icosphere-1.0.2.tgz",
      "integrity": "sha1-YRdqCl/FvtayvzvYVm2yRkK6Q/4=",
      "dev": true,
      "dependencies": {
        "gl-vec2": "^1.0.0",
        "gl-vec3": "^1.0.3",
        "icosphere": "^1.0.0"
      }
    },
    "node_modules/primitive-plane": {
      "version": "2.0.1",
      "resolved": "https://registry.npmjs.org/primitive-plane/-/primitive-plane-2.0.1.tgz",
      "integrity": "sha512-iFk5luQZcY02emAljs/ZY02Q8XmgdV67Gs3Xj7gd3mO4CICjJN6wtrRXCvdxDKbzaIuQdOE8cNIyvk6GZJoPmw==",
      "dev": true
    },
    "node_modules/primitive-quad": {
      "version": "2.0.0",
      "resolved": "https://registry.npmjs.org/primitive-quad/-/primitive-quad-2.0.0.tgz",
      "integrity": "sha1-wgmT5PlgAjiSa7UA5SkFMEPvius=",
      "dev": true
    },
    "node_modules/primitive-rounded-cube": {
      "version": "1.0.2",
      "resolved": "https://registry.npmjs.org/primitive-rounded-cube/-/primitive-rounded-cube-1.0.2.tgz",
      "integrity": "sha1-jIkHiQqeetO/sie7jXOx5vPc6UI=",
      "dev": true,
      "dependencies": {
        "pex-math": "^1.0.0",
        "primitive-cube": "^2.0.0"
      }
    },
    "node_modules/primitive-rounded-cube/node_modules/pex-math": {
      "version": "1.0.1",
      "resolved": "https://registry.npmjs.org/pex-math/-/pex-math-1.0.1.tgz",
      "integrity": "sha1-NRvf2t+Cqnksfq08XSyGO68zJHg=",
      "dev": true
    },
    "node_modules/primitive-sphere": {
      "version": "3.0.0",
      "resolved": "https://registry.npmjs.org/primitive-sphere/-/primitive-sphere-3.0.0.tgz",
      "integrity": "sha1-dgm9pfb2ySUiE++jEnBg7mXm9zI=",
      "dev": true,
      "dependencies": {
        "gl-mat4": "^1.1.4",
        "gl-vec3": "^1.0.3"
      }
    },
    "node_modules/primitive-torus": {
      "version": "1.0.4",
      "resolved": "https://registry.npmjs.org/primitive-torus/-/primitive-torus-1.0.4.tgz",
      "integrity": "sha1-e6721j2jmZqgsy8m0cSvezGENmg=",
      "dev": true,
      "dependencies": {
        "defined": "^1.0.0",
        "gl-vec3": "^1.0.3"
      }
    },
    "node_modules/regl": {
      "version": "2.1.0",
      "resolved": "https://registry.npmjs.org/regl/-/regl-2.1.0.tgz",
      "integrity": "sha512-oWUce/aVoEvW5l2V0LK7O5KJMzUSKeiOwFuJehzpSFd43dO5spP9r+sSUfhKtsky4u6MCqWJaRL+abzExynfTg==",
      "dev": true
    },
    "node_modules/tslib": {
      "version": "2.1.0",
      "resolved": "https://registry.npmjs.org/tslib/-/tslib-2.1.0.tgz",
      "integrity": "sha512-hcVC3wYEziELGGmEEXue7D75zbwIIVUMWAVbHItGPx0ziyXxrOMQx4rQEVEV45Ut/1IotuEvwqPopzIOkDMf0A==",
      "dev": true
    },
    "node_modules/vectors": {
      "version": "0.1.0",
      "resolved": "https://registry.npmjs.org/vectors/-/vectors-0.1.0.tgz",
      "integrity": "sha1-UD+7m4BEZBJqiOqKx5mSUXmOqFQ=",
      "dev": true
    }
  },
  "dependencies": {
    "async-preloader": {
      "version": "5.0.2",
      "resolved": "https://registry.npmjs.org/async-preloader/-/async-preloader-5.0.2.tgz",
      "integrity": "sha512-QeXZcrweGBU5S/+lRYsZJ3kw6U1Qhpc3X9B/VujZmCi7lK2OIWSN/XHjMdUmKf9FWJ5S8iGlaNWI2CHMQcfn7A==",
      "dev": true,
      "requires": {
        "fontfaceobserver-es": "^3.3.3",
        "tslib": "^2.1.0"
      }
    },
    "bunny": {
      "version": "1.0.1",
      "resolved": "https://registry.npmjs.org/bunny/-/bunny-1.0.1.tgz",
      "integrity": "sha1-hjg9pFq3qZVxpaVyt74ONWSBX54=",
      "dev": true
    },
    "cameras": {
      "version": "3.0.1",
      "resolved": "https://registry.npmjs.org/cameras/-/cameras-3.0.1.tgz",
      "integrity": "sha512-NqTi3+fa0q5kgMpP5x0j9GkPbKmaeHHPbyVwSUfMouN6EXbcUrvDiqz8bvDRGIWUgRG/HiEhWWs8P7YcR+pJcQ==",
      "dev": true,
      "requires": {
        "clamp": "^1.0.1",
        "gl-matrix": "^3.3.0",
        "normalize-wheel": "^1.0.1"
      }
    },
    "clamp": {
      "version": "1.0.1",
      "resolved": "https://registry.npmjs.org/clamp/-/clamp-1.0.1.tgz",
      "integrity": "sha1-ZqDmQBGBbjcZaCj9yMjBRzEshjQ=",
      "dev": true
    },
    "core-js": {
      "version": "3.9.1",
      "resolved": "https://registry.npmjs.org/core-js/-/core-js-3.9.1.tgz",
      "integrity": "sha512-gSjRvzkxQc1zjM/5paAmL4idJBFzuJoo+jDjF1tStYFMV2ERfD02HhahhCGXUyHxQRG4yFKVSdO6g62eoRMcDg==",
      "dev": true
    },
    "dat.gui": {
      "version": "0.7.7",
      "resolved": "https://registry.npmjs.org/dat.gui/-/dat.gui-0.7.7.tgz",
      "integrity": "sha512-sRl/28gF/XRC5ywC9I4zriATTsQcpSsRG7seXCPnTkK8/EQMIbCu5NPMpICLGxX9ZEUvcXR3ArLYCtgreFoMDw==",
      "dev": true
    },
    "defined": {
      "version": "1.0.0",
      "resolved": "https://registry.npmjs.org/defined/-/defined-1.0.0.tgz",
      "integrity": "sha1-yY2bzvdWdBiOEQlpFRGZ45sfppM=",
      "dev": true
    },
    "es-module-shims": {
      "version": "0.10.3",
      "resolved": "https://registry.npmjs.org/es-module-shims/-/es-module-shims-0.10.3.tgz",
      "integrity": "sha512-pJ5xMeVtyujSqvjQ9sJw4dIG3eRsWxTcdALk42Xe9V54PFT4tP+cCVLzzWF6jo5BcyMxGc1FKHfosmoaP/PXxQ==",
      "dev": true
    },
    "fontfaceobserver-es": {
      "version": "3.3.3",
      "resolved": "https://registry.npmjs.org/fontfaceobserver-es/-/fontfaceobserver-es-3.3.3.tgz",
      "integrity": "sha512-1EyweL1ryy0koZWk80Kr0UgWq9KhbOl2cD6x1O8BtFu0gNqCWIXK1lVFSUb37DI5FMn1m86I6X7N1JRBy8wVfw==",
      "dev": true
    },
    "geom-normals": {
      "version": "1.0.1",
      "resolved": "https://registry.npmjs.org/geom-normals/-/geom-normals-1.0.1.tgz",
      "integrity": "sha512-pwJreNg4LQzIt4Z2KmWJyNc3ZvHL6QrTojMLZhDfgVVKym+GLO2gAdajNjqWO5IaYzhYpMgS9ZYQeNEGlRMwZQ==",
      "dev": true,
      "requires": {
        "pex-math": "^3.0.0-0"
      }
    },
    "gl-mat4": {
      "version": "1.2.0",
      "resolved": "https://registry.npmjs.org/gl-mat4/-/gl-mat4-1.2.0.tgz",
      "integrity": "sha512-sT5C0pwB1/e9G9AvAoLsoaJtbMGjfd/jfxo8jMCKqYYEnjZuFvqV5rehqar0538EmssjdDeiEWnKyBSTw7quoA==",
      "dev": true
    },
    "gl-matrix": {
      "version": "3.3.0",
      "resolved": "https://registry.npmjs.org/gl-matrix/-/gl-matrix-3.3.0.tgz",
      "integrity": "sha512-COb7LDz+SXaHtl/h4LeaFcNdJdAQSDeVqjiIihSXNrkWObZLhDI4hIkZC11Aeqp7bcE72clzB0BnDXr2SmslRA==",
      "dev": true
    },
    "gl-vec2": {
      "version": "1.3.0",
      "resolved": "https://registry.npmjs.org/gl-vec2/-/gl-vec2-1.3.0.tgz",
      "integrity": "sha512-YiqaAuNsheWmUV0Sa8k94kBB0D6RWjwZztyO+trEYS8KzJ6OQB/4686gdrf59wld4hHFIvaxynO3nRxpk1Ij/A==",
      "dev": true
    },
    "gl-vec3": {
      "version": "1.1.3",
      "resolved": "https://registry.npmjs.org/gl-vec3/-/gl-vec3-1.1.3.tgz",
      "integrity": "sha512-jduKUqT0SGH02l8Yl+mV1yVsDfYgQAJyXGxkJQGyxPLHRiW25DwVIRPt6uvhrEMHftJfqhqKthRcyZqNEl9Xdw==",
      "dev": true
    },
    "icosphere": {
      "version": "1.0.0",
      "resolved": "https://registry.npmjs.org/icosphere/-/icosphere-1.0.0.tgz",
      "integrity": "sha1-glFVXUN9ueq8aI+IEktoow+oRxA=",
      "dev": true,
      "requires": {
        "vectors": "^0.1.0"
      }
    },
    "normalize-wheel": {
      "version": "1.0.1",
      "resolved": "https://registry.npmjs.org/normalize-wheel/-/normalize-wheel-1.0.1.tgz",
      "integrity": "sha1-rsiGr/2wRQcNhWRH32Ls+GFG7EU=",
      "dev": true
    },
    "parse-hdr": {
      "version": "1.0.0",
      "resolved": "https://registry.npmjs.org/parse-hdr/-/parse-hdr-1.0.0.tgz",
      "integrity": "sha1-n5C0SC7rWmbzIKUUVvHOrFGhaVM=",
      "dev": true
    },
    "pex-math": {
      "version": "3.0.0-0",
      "resolved": "https://registry.npmjs.org/pex-math/-/pex-math-3.0.0-0.tgz",
      "integrity": "sha512-lZOQ8FbhIId5bC6sjYTmsmEMSbEJXv1C4+DArhwm3qP8V21KTy49F+DzvFfGWi+ZY+CWmW1I0SzkMcHNi4Vj4g==",
      "dev": true
    },
    "primitive-box": {
      "version": "1.0.0",
      "resolved": "https://registry.npmjs.org/primitive-box/-/primitive-box-1.0.0.tgz",
      "integrity": "sha1-rDA/l0RN5AOHffPeYVVgeGWqKHk=",
      "dev": true
    },
    "primitive-capsule": {
      "version": "3.0.1",
      "resolved": "https://registry.npmjs.org/primitive-capsule/-/primitive-capsule-3.0.1.tgz",
      "integrity": "sha1-wFAmEN2QJZ23AX+ejvQulkeZziE=",
      "dev": true
    },
    "primitive-circle": {
      "version": "1.0.2",
      "resolved": "https://registry.npmjs.org/primitive-circle/-/primitive-circle-1.0.2.tgz",
      "integrity": "sha512-tOvSdHlhrlm1eQ/PFSiQyv9skCazVaUObvunneOLqiCmlPmfMe2MN45iUlAofCI26yFabksMsoWrWa9geS+MMw==",
      "dev": true
    },
    "primitive-cube": {
      "version": "2.0.1",
      "resolved": "https://registry.npmjs.org/primitive-cube/-/primitive-cube-2.0.1.tgz",
      "integrity": "sha1-iqW8PL/y7+6DzOdM/KuKybW0awY=",
      "dev": true
    },
    "primitive-cylinder": {
      "version": "1.0.3",
      "resolved": "https://registry.npmjs.org/primitive-cylinder/-/primitive-cylinder-1.0.3.tgz",
      "integrity": "sha512-RGLQaDWM2lpBF0b3yknJ2syVCp8vMypM7RBsMECircKuQFqXAGyNf/u8f3eAQ7HVzvQSTFGaDghf5eRu0UKbpw==",
      "dev": true
    },
    "primitive-ellipsoid": {
      "version": "1.1.0",
      "resolved": "https://registry.npmjs.org/primitive-ellipsoid/-/primitive-ellipsoid-1.1.0.tgz",
      "integrity": "sha512-RsbCKXBtQ8JlhKRkOvJJ1tC0ODqm01DMe4R3UCbHLnYrjyM3QCMRJEDaEOZ+WGPo88dD+Nrp7qfCtn+4JO9f4Q==",
      "dev": true,
      "requires": {
        "gl-matrix": "^2.8.1"
      },
      "dependencies": {
        "gl-matrix": {
          "version": "2.8.1",
          "resolved": "https://registry.npmjs.org/gl-matrix/-/gl-matrix-2.8.1.tgz",
          "integrity": "sha512-0YCjVpE3pS5XWlN3J4X7AiAx65+nqAI54LndtVFnQZB6G/FVLkZH8y8V6R3cIoOQR4pUdfwQGd1iwyoXHJ4Qfw==",
          "dev": true
        }
      }
    },
    "primitive-geometry": {
      "version": "1.2.1",
      "resolved": "https://registry.npmjs.org/primitive-geometry/-/primitive-geometry-1.2.1.tgz",
      "integrity": "sha512-7tdbNSd0NWWruGc8yEhznwkWeQIjK+hV0kNb/vEIG70svBhSa74OPAghD/PV9jvP4w7Pqkpfgc6AJO7DXpfevw==",
      "dev": true,
      "requires": {
        "primitive-box": "^1.0.0",
        "primitive-capsule": "^3.0.1",
        "primitive-circle": "^1.0.2",
        "primitive-cube": "^2.0.1",
        "primitive-cylinder": "^1.0.3",
        "primitive-ellipsoid": "^1.1.0",
        "primitive-icosphere": "^1.0.2",
        "primitive-plane": "^2.0.1",
        "primitive-quad": "^2.0.0",
        "primitive-rounded-cube": "^1.0.2",
        "primitive-sphere": "^3.0.0",
        "primitive-torus": "^1.0.4"
      }
    },
    "primitive-icosphere": {
      "version": "1.0.2",
      "resolved": "https://registry.npmjs.org/primitive-icosphere/-/primitive-icosphere-1.0.2.tgz",
      "integrity": "sha1-YRdqCl/FvtayvzvYVm2yRkK6Q/4=",
      "dev": true,
      "requires": {
        "gl-vec2": "^1.0.0",
        "gl-vec3": "^1.0.3",
        "icosphere": "^1.0.0"
      }
    },
    "primitive-plane": {
      "version": "2.0.1",
      "resolved": "https://registry.npmjs.org/primitive-plane/-/primitive-plane-2.0.1.tgz",
      "integrity": "sha512-iFk5luQZcY02emAljs/ZY02Q8XmgdV67Gs3Xj7gd3mO4CICjJN6wtrRXCvdxDKbzaIuQdOE8cNIyvk6GZJoPmw==",
      "dev": true
    },
    "primitive-quad": {
      "version": "2.0.0",
      "resolved": "https://registry.npmjs.org/primitive-quad/-/primitive-quad-2.0.0.tgz",
      "integrity": "sha1-wgmT5PlgAjiSa7UA5SkFMEPvius=",
      "dev": true
    },
    "primitive-rounded-cube": {
      "version": "1.0.2",
      "resolved": "https://registry.npmjs.org/primitive-rounded-cube/-/primitive-rounded-cube-1.0.2.tgz",
      "integrity": "sha1-jIkHiQqeetO/sie7jXOx5vPc6UI=",
      "dev": true,
      "requires": {
        "pex-math": "^1.0.0",
        "primitive-cube": "^2.0.0"
      },
      "dependencies": {
        "pex-math": {
          "version": "1.0.1",
          "resolved": "https://registry.npmjs.org/pex-math/-/pex-math-1.0.1.tgz",
          "integrity": "sha1-NRvf2t+Cqnksfq08XSyGO68zJHg=",
          "dev": true
        }
      }
    },
    "primitive-sphere": {
      "version": "3.0.0",
      "resolved": "https://registry.npmjs.org/primitive-sphere/-/primitive-sphere-3.0.0.tgz",
      "integrity": "sha1-dgm9pfb2ySUiE++jEnBg7mXm9zI=",
      "dev": true,
      "requires": {
        "gl-mat4": "^1.1.4",
        "gl-vec3": "^1.0.3"
      }
    },
    "primitive-torus": {
      "version": "1.0.4",
      "resolved": "https://registry.npmjs.org/primitive-torus/-/primitive-torus-1.0.4.tgz",
      "integrity": "sha1-e6721j2jmZqgsy8m0cSvezGENmg=",
      "dev": true,
      "requires": {
        "defined": "^1.0.0",
        "gl-vec3": "^1.0.3"
      }
    },
    "regl": {
      "version": "2.1.0",
      "resolved": "https://registry.npmjs.org/regl/-/regl-2.1.0.tgz",
      "integrity": "sha512-oWUce/aVoEvW5l2V0LK7O5KJMzUSKeiOwFuJehzpSFd43dO5spP9r+sSUfhKtsky4u6MCqWJaRL+abzExynfTg==",
      "dev": true
    },
    "tslib": {
      "version": "2.1.0",
      "resolved": "https://registry.npmjs.org/tslib/-/tslib-2.1.0.tgz",
      "integrity": "sha512-hcVC3wYEziELGGmEEXue7D75zbwIIVUMWAVbHItGPx0ziyXxrOMQx4rQEVEV45Ut/1IotuEvwqPopzIOkDMf0A==",
      "dev": true
    },
    "vectors": {
      "version": "0.1.0",
      "resolved": "https://registry.npmjs.org/vectors/-/vectors-0.1.0.tgz",
      "integrity": "sha1-UD+7m4BEZBJqiOqKx5mSUXmOqFQ=",
      "dev": true
    }
  }
}
