{
  "name": "glsl-smaa",
  "version": "3.0.0",
  "lockfileVersion": 2,
  "requires": true,
  "packages": {
    "": {
      "name": "glsl-smaa",
      "version": "3.0.0",
      "funding": [
        {
          "type": "individual",
          "url": "https://paypal.me/dmnsgn"
        },
        {
          "type": "individual",
          "url": "https://commerce.coinbase.com/checkout/56cbdf28-e323-48d8-9c98-7019e72c97f3"
        }
      ],
      "license": "MIT",
      "devDependencies": {
        "async-preloader": "^8.0.4",
        "bunny": "^1.0.1",
        "cameras": "^3.1.1",
        "core-js": "^3.45.1",
        "dat.gui": "^0.7.9",
        "es-module-shims": "^2.6.2",
        "geom-normals": "^2.1.0",
        "gl-matrix": "^3.4.4",
        "parse-hdr": "^1.0.0",
        "primitive-geometry": "^2.11.0",
        "regl": "^2.1.1"
      },
      "engines": {
        "node": ">=22.0.0",
        "npm": ">=10.5.1",
        "snowdev": ">=2.5.x"
      }
    },
    "node_modules/async-preloader": {
      "version": "8.0.4",
      "resolved": "https://registry.npmjs.org/async-preloader/-/async-preloader-8.0.4.tgz",
      "integrity": "sha512-7RXL6f/aFQ4/sVZP3WXW9VroKb2QmDEHfJPRyZXllDXp349IoPrFqHvc+L1u4+sk9Asr6U1WA2xVRYTbqwtJxw==",
      "dev": true,
      "funding": [
        {
          "type": "individual",
          "url": "https://paypal.me/dmnsgn"
        },
        {
          "type": "individual",
          "url": "https://commerce.coinbase.com/checkout/56cbdf28-e323-48d8-9c98-7019e72c97f3"
        }
      ],
      "license": "MIT",
      "dependencies": {
        "fontfaceobserver-es": "^3.3.3",
        "tslib": "^2.6.3"
      },
      "engines": {
        "node": ">=22.0.0",
        "npm": ">=10.5.1",
        "snowdev": ">=2.2.x"
      }
    },
    "node_modules/bunny": {
      "version": "1.0.1",
      "resolved": "https://registry.npmjs.org/bunny/-/bunny-1.0.1.tgz",
      "integrity": "sha1-hjg9pFq3qZVxpaVyt74ONWSBX54=",
      "dev": true
    },
    "node_modules/cameras": {
      "version": "3.1.1",
      "resolved": "https://registry.npmjs.org/cameras/-/cameras-3.1.1.tgz",
      "integrity": "sha512-hm8z4IIMgz8ygz6PGVb9l+29qBuXHahzlw2CNsVKq8i09RnylhsrlLwoCZRuik3vbl0i1w2hJFfS0OBVh1WDNQ==",
      "dev": true,
      "funding": [
        {
          "type": "individual",
          "url": "https://paypal.me/dmnsgn"
        },
        {
          "type": "individual",
          "url": "https://commerce.coinbase.com/checkout/56cbdf28-e323-48d8-9c98-7019e72c97f3"
        }
      ],
      "license": "MIT",
      "dependencies": {
        "clamp": "^1.0.1",
        "gl-matrix": "^3.3.0",
        "normalize-wheel": "^1.0.1"
      },
      "engines": {
        "node": ">=15.0.0",
        "npm": ">=7.0.0"
      }
    },
    "node_modules/clamp": {
      "version": "1.0.1",
      "resolved": "https://registry.npmjs.org/clamp/-/clamp-1.0.1.tgz",
      "integrity": "sha1-ZqDmQBGBbjcZaCj9yMjBRzEshjQ=",
      "dev": true
    },
    "node_modules/core-js": {
      "version": "3.45.1",
      "resolved": "https://registry.npmjs.org/core-js/-/core-js-3.45.1.tgz",
      "integrity": "sha512-L4NPsJlCfZsPeXukyzHFlg/i7IIVwHSItR0wg0FLNqYClJ4MQYTYLbC7EkjKYRLZF2iof2MUgN0EGy7MdQFChg==",
      "dev": true,
      "hasInstallScript": true,
      "license": "MIT",
      "funding": {
        "type": "opencollective",
        "url": "https://opencollective.com/core-js"
      }
    },
    "node_modules/dat.gui": {
      "version": "0.7.9",
      "resolved": "https://registry.npmjs.org/dat.gui/-/dat.gui-0.7.9.tgz",
      "integrity": "sha512-sCNc1OHobc+Erc1HqiswYgHdVNpSJUlk/Hz8vzOCsER7rl+oF/4+v8GXFUyCgtXpoCX6+bnmg07DedLvBLwYKQ==",
      "dev": true,
      "license": "Apache-2.0"
    },
    "node_modules/es-module-shims": {
      "version": "2.6.2",
      "resolved": "https://registry.npmjs.org/es-module-shims/-/es-module-shims-2.6.2.tgz",
      "integrity": "sha512-50HiheXiMg28GQagXXYMqzUuVPKsAhFLuWIxBxDbfnmT+hFTU8AyfAJaWjDaWmQbjNiPwTuuPqq7NAKFRdLaow==",
      "dev": true,
      "license": "MIT"
    },
    "node_modules/fontfaceobserver-es": {
      "version": "3.3.3",
      "resolved": "https://registry.npmjs.org/fontfaceobserver-es/-/fontfaceobserver-es-3.3.3.tgz",
      "integrity": "sha512-1EyweL1ryy0koZWk80Kr0UgWq9KhbOl2cD6x1O8BtFu0gNqCWIXK1lVFSUb37DI5FMn1m86I6X7N1JRBy8wVfw==",
      "dev": true
    },
    "node_modules/geom-normals": {
      "version": "2.1.0",
      "resolved": "https://registry.npmjs.org/geom-normals/-/geom-normals-2.1.0.tgz",
      "integrity": "sha512-uu5ukZHOXB32LnGzeVEbEFzaTlWlqzH6tt71Np0qdqh0j7BaRMYAf1EX/03612ptaJhRkuq4rjA8oKNgl0SIsQ==",
      "dev": true,
      "license": "MIT",
      "dependencies": {
        "pex-math": "^4.1.0",
        "pex-random": "^2.0.0"
      },
      "engines": {
        "node": ">=20.0.0",
        "npm": ">=9.6.4"
      }
    },
    "node_modules/gl-matrix": {
      "version": "3.4.4",
      "resolved": "https://registry.npmjs.org/gl-matrix/-/gl-matrix-3.4.4.tgz",
      "integrity": "sha512-latSnyDNt/8zYUB6VIJ6PCh2jBjJX6gnDsoCZ7LyW7GkqrD51EWwa9qCoGixj8YqBtETQK/xY7OmpTF8xz1DdQ==",
      "dev": true,
      "license": "MIT"
    },
    "node_modules/normalize-wheel": {
      "version": "1.0.1",
      "resolved": "https://registry.npmjs.org/normalize-wheel/-/normalize-wheel-1.0.1.tgz",
      "integrity": "sha1-rsiGr/2wRQcNhWRH32Ls+GFG7EU=",
      "dev": true
    },
    "node_modules/parse-hdr": {
      "version": "1.0.0",
      "resolved": "https://registry.npmjs.org/parse-hdr/-/parse-hdr-1.0.0.tgz",
      "integrity": "sha1-n5C0SC7rWmbzIKUUVvHOrFGhaVM=",
      "dev": true
    },
    "node_modules/pex-math": {
      "version": "4.1.2",
      "resolved": "https://registry.npmjs.org/pex-math/-/pex-math-4.1.2.tgz",
      "integrity": "sha512-F7tB+weV/rhg2o9B4DCvuUTZHMkicmorusvhmRf1IjveHXFZyYTY/9/S+dpkhnEVeAZ5KNyjCK7bCsKEbYXoXQ==",
      "dev": true,
      "license": "MIT",
      "engines": {
        "node": ">=22.0.0",
        "npm": ">=10.5.1",
        "snowdev": ">=2.5.x"
      }
    },
    "node_modules/pex-random": {
      "version": "2.1.2",
      "resolved": "https://registry.npmjs.org/pex-random/-/pex-random-2.1.2.tgz",
      "integrity": "sha512-CgtNKg5zWMggm3EB1YkrEof0y42Bo5CTXlTxn9nXKvy10WhfnYo0920YwOkh2psG7qpigwj40q0+EuPdluRAnQ==",
      "dev": true,
      "license": "MIT",
      "dependencies": {
        "seedrandom": "^3.0.5",
        "simplex-noise": "^4.0.3"
      },
      "engines": {
        "node": ">=22.0.0",
        "npm": ">=10.5.1",
        "snowdev": ">=2.2.x"
      }
    },
    "node_modules/primitive-geometry": {
      "version": "2.11.0",
      "resolved": "https://registry.npmjs.org/primitive-geometry/-/primitive-geometry-2.11.0.tgz",
      "integrity": "sha512-W/Kl9za7sIQWRWvY6Fvr/wnexhP6D3fBcPz4gZsE2aMiUgm0N8ZUCQiwG/h+r+P1qTKi2yEINF3x79WN6gJSXA==",
      "dev": true,
      "funding": [
        {
          "type": "individual",
          "url": "https://paypal.me/dmnsgn"
        },
        {
          "type": "individual",
          "url": "https://commerce.coinbase.com/checkout/56cbdf28-e323-48d8-9c98-7019e72c97f3"
        }
      ],
      "license": "MIT",
      "engines": {
        "node": ">=22.0.0",
        "npm": ">=10.5.1",
        "snowdev": ">=2.3.x"
      }
    },
    "node_modules/regl": {
      "version": "2.1.1",
      "resolved": "https://registry.npmjs.org/regl/-/regl-2.1.1.tgz",
      "integrity": "sha512-+IOGrxl3FZ8ZM9ixCWQZzFRiRn7Rzn9bu3iFHwg/yz4tlOUQgbO4PHLgG+1ZT60zcIV8tief6Qrmyl8qcoJP0g==",
      "dev": true,
      "license": "MIT"
    },
    "node_modules/seedrandom": {
      "version": "3.0.5",
      "resolved": "https://registry.npmjs.org/seedrandom/-/seedrandom-3.0.5.tgz",
      "integrity": "sha512-8OwmbklUNzwezjGInmZ+2clQmExQPvomqjL7LFqOYqtmuxRgQYqOD3mHaU+MvZn5FLUeVxVfQjwLZW/n/JFuqg==",
      "dev": true,
      "license": "MIT"
    },
    "node_modules/simplex-noise": {
      "version": "4.0.3",
      "resolved": "https://registry.npmjs.org/simplex-noise/-/simplex-noise-4.0.3.tgz",
      "integrity": "sha512-qSE2I4AngLQG7BXqoZj51jokT4WUXe8mOBrvfOXpci8+6Yu44+/dD5zqDpOx3Ux792eamTd2lLcI8jqFntk/lg==",
      "dev": true,
      "license": "MIT"
    },
    "node_modules/tslib": {
      "version": "2.8.1",
      "resolved": "https://registry.npmjs.org/tslib/-/tslib-2.8.1.tgz",
      "integrity": "sha512-oJFu94HQb+KVduSUQL7wnpmqnfmLsOA/nAh6b6EH0wCEoK0/mPeXU6c3wKDV83MkOuHPRHtSXKKU99IBazS/2w==",
      "dev": true,
      "license": "0BSD"
    }
  },
  "dependencies": {
    "async-preloader": {
      "version": "8.0.4",
      "resolved": "https://registry.npmjs.org/async-preloader/-/async-preloader-8.0.4.tgz",
      "integrity": "sha512-7RXL6f/aFQ4/sVZP3WXW9VroKb2QmDEHfJPRyZXllDXp349IoPrFqHvc+L1u4+sk9Asr6U1WA2xVRYTbqwtJxw==",
      "dev": true,
      "requires": {
        "fontfaceobserver-es": "^3.3.3",
        "tslib": "^2.6.3"
      }
    },
    "bunny": {
      "version": "1.0.1",
      "resolved": "https://registry.npmjs.org/bunny/-/bunny-1.0.1.tgz",
      "integrity": "sha1-hjg9pFq3qZVxpaVyt74ONWSBX54=",
      "dev": true
    },
    "cameras": {
      "version": "3.1.1",
      "resolved": "https://registry.npmjs.org/cameras/-/cameras-3.1.1.tgz",
      "integrity": "sha512-hm8z4IIMgz8ygz6PGVb9l+29qBuXHahzlw2CNsVKq8i09RnylhsrlLwoCZRuik3vbl0i1w2hJFfS0OBVh1WDNQ==",
      "dev": true,
      "requires": {
        "clamp": "^1.0.1",
        "gl-matrix": "^3.3.0",
        "normalize-wheel": "^1.0.1"
      }
    },
    "clamp": {
      "version": "1.0.1",
      "resolved": "https://registry.npmjs.org/clamp/-/clamp-1.0.1.tgz",
      "integrity": "sha1-ZqDmQBGBbjcZaCj9yMjBRzEshjQ=",
      "dev": true
    },
    "core-js": {
      "version": "3.45.1",
      "resolved": "https://registry.npmjs.org/core-js/-/core-js-3.45.1.tgz",
      "integrity": "sha512-L4NPsJlCfZsPeXukyzHFlg/i7IIVwHSItR0wg0FLNqYClJ4MQYTYLbC7EkjKYRLZF2iof2MUgN0EGy7MdQFChg==",
      "dev": true
    },
    "dat.gui": {
      "version": "0.7.9",
      "resolved": "https://registry.npmjs.org/dat.gui/-/dat.gui-0.7.9.tgz",
      "integrity": "sha512-sCNc1OHobc+Erc1HqiswYgHdVNpSJUlk/Hz8vzOCsER7rl+oF/4+v8GXFUyCgtXpoCX6+bnmg07DedLvBLwYKQ==",
      "dev": true
    },
    "es-module-shims": {
      "version": "2.6.2",
      "resolved": "https://registry.npmjs.org/es-module-shims/-/es-module-shims-2.6.2.tgz",
      "integrity": "sha512-50HiheXiMg28GQagXXYMqzUuVPKsAhFLuWIxBxDbfnmT+hFTU8AyfAJaWjDaWmQbjNiPwTuuPqq7NAKFRdLaow==",
      "dev": true
    },
    "fontfaceobserver-es": {
      "version": "3.3.3",
      "resolved": "https://registry.npmjs.org/fontfaceobserver-es/-/fontfaceobserver-es-3.3.3.tgz",
      "integrity": "sha512-1EyweL1ryy0koZWk80Kr0UgWq9KhbOl2cD6x1O8BtFu0gNqCWIXK1lVFSUb37DI5FMn1m86I6X7N1JRBy8wVfw==",
      "dev": true
    },
    "geom-normals": {
      "version": "2.1.0",
      "resolved": "https://registry.npmjs.org/geom-normals/-/geom-normals-2.1.0.tgz",
      "integrity": "sha512-uu5ukZHOXB32LnGzeVEbEFzaTlWlqzH6tt71Np0qdqh0j7BaRMYAf1EX/03612ptaJhRkuq4rjA8oKNgl0SIsQ==",
      "dev": true,
      "requires": {
        "pex-math": "^4.1.0",
        "pex-random": "^2.0.0"
      }
    },
    "gl-matrix": {
      "version": "3.4.4",
      "resolved": "https://registry.npmjs.org/gl-matrix/-/gl-matrix-3.4.4.tgz",
      "integrity": "sha512-latSnyDNt/8zYUB6VIJ6PCh2jBjJX6gnDsoCZ7LyW7GkqrD51EWwa9qCoGixj8YqBtETQK/xY7OmpTF8xz1DdQ==",
      "dev": true
    },
    "normalize-wheel": {
      "version": "1.0.1",
      "resolved": "https://registry.npmjs.org/normalize-wheel/-/normalize-wheel-1.0.1.tgz",
      "integrity": "sha1-rsiGr/2wRQcNhWRH32Ls+GFG7EU=",
      "dev": true
    },
    "parse-hdr": {
      "version": "1.0.0",
      "resolved": "https://registry.npmjs.org/parse-hdr/-/parse-hdr-1.0.0.tgz",
      "integrity": "sha1-n5C0SC7rWmbzIKUUVvHOrFGhaVM=",
      "dev": true
    },
    "pex-math": {
      "version": "4.1.2",
      "resolved": "https://registry.npmjs.org/pex-math/-/pex-math-4.1.2.tgz",
      "integrity": "sha512-F7tB+weV/rhg2o9B4DCvuUTZHMkicmorusvhmRf1IjveHXFZyYTY/9/S+dpkhnEVeAZ5KNyjCK7bCsKEbYXoXQ==",
      "dev": true
    },
    "pex-random": {
      "version": "2.1.2",
      "resolved": "https://registry.npmjs.org/pex-random/-/pex-random-2.1.2.tgz",
      "integrity": "sha512-CgtNKg5zWMggm3EB1YkrEof0y42Bo5CTXlTxn9nXKvy10WhfnYo0920YwOkh2psG7qpigwj40q0+EuPdluRAnQ==",
      "dev": true,
      "requires": {
        "seedrandom": "^3.0.5",
        "simplex-noise": "^4.0.3"
      }
    },
    "primitive-geometry": {
      "version": "2.11.0",
      "resolved": "https://registry.npmjs.org/primitive-geometry/-/primitive-geometry-2.11.0.tgz",
      "integrity": "sha512-W/Kl9za7sIQWRWvY6Fvr/wnexhP6D3fBcPz4gZsE2aMiUgm0N8ZUCQiwG/h+r+P1qTKi2yEINF3x79WN6gJSXA==",
      "dev": true
    },
    "regl": {
      "version": "2.1.1",
      "resolved": "https://registry.npmjs.org/regl/-/regl-2.1.1.tgz",
      "integrity": "sha512-+IOGrxl3FZ8ZM9ixCWQZzFRiRn7Rzn9bu3iFHwg/yz4tlOUQgbO4PHLgG+1ZT60zcIV8tief6Qrmyl8qcoJP0g==",
      "dev": true
    },
    "seedrandom": {
      "version": "3.0.5",
      "resolved": "https://registry.npmjs.org/seedrandom/-/seedrandom-3.0.5.tgz",
      "integrity": "sha512-8OwmbklUNzwezjGInmZ+2clQmExQPvomqjL7LFqOYqtmuxRgQYqOD3mHaU+MvZn5FLUeVxVfQjwLZW/n/JFuqg==",
      "dev": true
    },
    "simplex-noise": {
      "version": "4.0.3",
      "resolved": "https://registry.npmjs.org/simplex-noise/-/simplex-noise-4.0.3.tgz",
      "integrity": "sha512-qSE2I4AngLQG7BXqoZj51jokT4WUXe8mOBrvfOXpci8+6Yu44+/dD5zqDpOx3Ux792eamTd2lLcI8jqFntk/lg==",
      "dev": true
    },
    "tslib": {
      "version": "2.8.1",
      "resolved": "https://registry.npmjs.org/tslib/-/tslib-2.8.1.tgz",
      "integrity": "sha512-oJFu94HQb+KVduSUQL7wnpmqnfmLsOA/nAh6b6EH0wCEoK0/mPeXU6c3wKDV83MkOuHPRHtSXKKU99IBazS/2w==",
      "dev": true
    }
  }
}
